
Microsoft Visual Studio Solution File, Format Version 12.00
# Visual Studio Version 17
VisualStudioVersion = 17.0.31903.59
MinimumVisualStudioVersion = 10.0.40219.1
Project("{9A19103F-16F7-4668-BE54-9A1E7A4F7556}") = "Innermost.MongoDBContext", "Innermost.MongoDBContext\Innermost.MongoDBContext.csproj", "{C4AAE4A9-FD3E-4E51-9747-D745F112EBE1}"
EndProject
Project("{9A19103F-16F7-4668-BE54-9A1E7A4F7556}") = "Innermost.MongoDBContext.Extensions.Microsoft.DependencyInjection", "Innermost.MongoDBContext.Extensions.Microsoft.DependencyInjection\Innermost.MongoDBContext.Extensions.Microsoft.DependencyInjection.csproj", "{6E631D12-2283-4914-9AB2-D5CB41E40AE2}"
EndProject
Project("{9A19103F-16F7-4668-BE54-9A1E7A4F7556}") = "Innermost.MongoDBContext.Tests", "Innermost.MongoDBContext.Tests\Innermost.MongoDBContext.Tests.csproj", "{E363B097-ECC0-4040-A53F-2EDBD9DFCF2B}"
EndProject
Project("{FAE04EC0-301F-11D3-BF4B-00C04F79EFBC}") = "Innermost.MongoDBContext.Extensions.Microsoft.DependencyInjection.Tests", "Innermost.MongoDBContext.Extensions.Microsoft.DependencyInjection.Tests\Innermost.MongoDBContext.Extensions.Microsoft.DependencyInjection.Tests.csproj", "{81EA8F58-0660-49DA-859E-CD06E044882C}"
EndProject
Global
	GlobalSection(SolutionConfigurationPlatforms) = preSolution
		Debug|Any CPU = Debug|Any CPU
		Release|Any CPU = Release|Any CPU
	EndGlobalSection
	GlobalSection(ProjectConfigurationPlatforms) = postSolution
		{C4AAE4A9-FD3E-4E51-9747-D745F112EBE1}.Debug|Any CPU.ActiveCfg = Debug|Any CPU
		{C4AAE4A9-FD3E-4E51-9747-D745F112EBE1}.Debug|Any CPU.Build.0 = Debug|Any CPU
		{C4AAE4A9-FD3E-4E51-9747-D745F112EBE1}.Release|Any CPU.ActiveCfg = Release|Any CPU
		{C4AAE4A9-FD3E-4E51-9747-D745F112EBE1}.Release|Any CPU.Build.0 = Release|Any CPU
		{6E631D12-2283-4914-9AB2-D5CB41E40AE2}.Debug|Any CPU.ActiveCfg = Debug|Any CPU
		{6E631D12-2283-4914-9AB2-D5CB41E40AE2}.Debug|Any CPU.Build.0 = Debug|Any CPU
		{6E631D12-2283-4914-9AB2-D5CB41E40AE2}.Release|Any CPU.ActiveCfg = Release|Any CPU
		{6E631D12-2283-4914-9AB2-D5CB41E40AE2}.Release|Any CPU.Build.0 = Release|Any CPU
		{E363B097-ECC0-4040-A53F-2EDBD9DFCF2B}.Debug|Any CPU.ActiveCfg = Debug|Any CPU
		{E363B097-ECC0-4040-A53F-2EDBD9DFCF2B}.Debug|Any CPU.Build.0 = Debug|Any CPU
		{E363B097-ECC0-4040-A53F-2EDBD9DFCF2B}.Release|Any CPU.ActiveCfg = Release|Any CPU
		{E363B097-ECC0-4040-A53F-2EDBD9DFCF2B}.Release|Any CPU.Build.0 = Release|Any CPU
		{81EA8F58-0660-49DA-859E-CD06E044882C}.Debug|Any CPU.ActiveCfg = Debug|Any CPU
		{81EA8F58-0660-49DA-859E-CD06E044882C}.Debug|Any CPU.Build.0 = Debug|Any CPU
		{81EA8F58-0660-49DA-859E-CD06E044882C}.Release|Any CPU.ActiveCfg = Release|Any CPU
		{81EA8F58-0660-49DA-859E-CD06E044882C}.Release|Any CPU.Build.0 = Release|Any CPU
	EndGlobalSection
	GlobalSection(SolutionProperties) = preSolution
		HideSolutionNode = FALSE
	EndGlobalSection
	GlobalSection(ExtensibilityGlobals) = postSolution
		SolutionGuid = {41CC044D-F6C3-49BD-8669-C6EB84EB28E6}
	EndGlobalSection
EndGlobal
